dependencies:
  espressif/cjson:
    component_hash: 9372811fb197926f522c467627cf4a8e72b681e0366e17879631da801103aef3
    dependencies:
    - name: idf
      require: private
      version: '>=5.0'
    source:
      registry_url: https://components.espressif.com/
      type: service
    version: 1.7.19
  espressif/cmake_utilities:
    component_hash: 351350613ceafba240b761b4ea991e0f231ac7a9f59a9ee901f751bddc0bb18f
    dependencies:
    - name: idf
      require: private
      version: '>=4.1'
    source:
      registry_url: https://components.espressif.com/
      type: service
    version: 0.5.3
  espressif/esp_modem:
    component_hash: 40af7f39c6c8c0c85c98014721fca8d9d2186f18f70645c66b94548192cf1e03
    dependencies:
    - name: idf
      require: private
      version: '>=4.1'
    source:
      registry_url: https://components.espressif.com
      type: service
    version: 1.4.2
  espressif/esp_modem_usb_dte:
    component_hash: 49f66a3bd49202e36168cf092a1dc453548d488e8f4560ac7e7d21802583e8a7
    dependencies:
    - name: espressif/esp_modem
      registry_url: https://components.espressif.com
      require: private
      version: '>=0.1.28,<2.0.0'
    - name: espressif/usb_host_cdc_acm
      registry_url: https://components.espressif.com
      require: private
      version: 2.*
    - name: idf
      require: private
      version: '>=4.4'
    source:
      registry_url: https://components.espressif.com/
      type: service
    version: 1.2.1
  espressif/iot_usbh_cdc:
    component_hash: 3cd0f9f63fba11ac2903b61d0497f19a39f2f0286e58e9d73286ea8edd0fade9
    dependencies:
    - name: espressif/cmake_utilities
      registry_url: https://components.espressif.com
      require: private
      version: '*'
    - name: idf
      require: private
      version: '>=4.4.1'
    source:
      registry_url: https://components.espressif.com/
      type: service
    targets:
    - esp32s2
    - esp32s3
    - esp32p4
    version: 2.0.1
  espressif/usb:
    component_hash: dfc8ffd678bc908a626f53f8e15d2626835434344625132283ca5d12a31559b4
    dependencies:
    - name: idf
      require: private
      version: '>=5.4'
    source:
      registry_url: https://components.espressif.com
      type: service
    targets:
    - esp32s2
    - esp32s3
    - esp32p4
    - esp32h4
    - linux
    version: 1.0.1
  espressif/usb_host_cdc_acm:
    component_hash: 0ca1a47f3b568ad539f2db7938aaa2a64f3017bd50a5ee9b410d2f9d7425ecef
    dependencies:
    - name: idf
      require: private
      version: '>=4.4'
    - name: espressif/usb
      registry_url: https://components.espressif.com
      require: public
      rules:
      - if: idf_version >=6.0
      - if: target not in ["linux"]
      version: ^1.0.0
    source:
      registry_url: https://components.espressif.com
      type: service
    targets:
    - esp32s2
    - esp32s3
    - esp32p4
    - esp32h4
    - linux
    version: 2.1.1
  idf:
    source:
      type: idf
    version: 6.1.0
direct_dependencies:
- espressif/cjson
- espressif/cmake_utilities
- espressif/esp_modem_usb_dte
- espressif/iot_usbh_cdc
- idf
manifest_hash: 9b6456b438598e47b4855c0fdf9aa100f5047f7020deea6aa0744749a92f539a
target: esp32s3
version: 2.0.0
